
Microsoft Visual Studio Solution File, Format Version 12.00
# Visual Studio 14
VisualStudioVersion = 14.0.25420.1
MinimumVisualStudioVersion = 10.0.40219.1
Project("{FAE04EC0-301F-11D3-BF4B-00C04F79EFBC}") = "MyTools", "MyTools\MyTools.csproj", "{EFE58328-D68A-4FDC-B684-7A359D09BE32}"
EndProject
Project("{FAE04EC0-301F-11D3-BF4B-00C04F79EFBC}") = "ToolCollection", "ToolCollection\ToolCollection.csproj", "{9DE7D3EE-6BD6-4EA1-AF76-C59F317F822A}"
EndProject
Project("{2150E333-8FDC-42A3-9474-1A3956D46DE8}") = "IPC", "IPC", "{59FE7159-0A13-4FE8-B42A-41E5587A0E14}"
EndProject
Project("{2150E333-8FDC-42A3-9474-1A3956D46DE8}") = "Csv文件的操作", "Csv文件的操作", "{384A0709-A9CB-4105-9A7C-3105C6863008}"
EndProject
Project("{FAE04EC0-301F-11D3-BF4B-00C04F79EFBC}") = "CsvTest", "Csv文件的操作\CsvTest\CsvTest.csproj", "{B15FA9D2-1D1E-4194-8447-54F105D2E425}"
EndProject
Project("{2150E333-8FDC-42A3-9474-1A3956D46DE8}") = "HttpServer", "HttpServer", "{39B16EAC-92E8-4F00-BF1D-91FDE8DA2B21}"
EndProject
Project("{FAE04EC0-301F-11D3-BF4B-00C04F79EFBC}") = "HttpServerTest", "HttpServer\HttpServerTest\HttpServerTest.csproj", "{A2D57B01-D817-48A7-9DCC-34A5602E53B9}"
EndProject
Project("{2150E333-8FDC-42A3-9474-1A3956D46DE8}") = "WindowServers", "WindowServers", "{FAACCA18-C44F-40AF-A57B-7A1BA3DA1D3D}"
EndProject
Project("{FAE04EC0-301F-11D3-BF4B-00C04F79EFBC}") = "IPCClient", "IPC\IPCClient\IPCClient.csproj", "{21E1041F-D02F-4CF9-8625-C9E3783412D3}"
EndProject
Project("{FAE04EC0-301F-11D3-BF4B-00C04F79EFBC}") = "IPCServer", "IPC\IPCServer\IPCServer.csproj", "{534B0BD6-5153-41F6-ACEE-C4160B3942C9}"
EndProject
Project("{FAE04EC0-301F-11D3-BF4B-00C04F79EFBC}") = "MessageObject", "IPC\RemoteObject\MessageObject.csproj", "{B33A2065-415F-4501-9CE8-F25F8EE758D9}"
EndProject
Project("{FAE04EC0-301F-11D3-BF4B-00C04F79EFBC}") = "WindowServiceManagment", "WindowServers\WindowServiceManagment\WindowServiceManagment.csproj", "{03581139-A154-4DAE-9BFC-8DC4C81298D0}"
EndProject
Project("{FAE04EC0-301F-11D3-BF4B-00C04F79EFBC}") = "WindowsServiceTest", "WindowServers\WindowsServiceTest\WindowsServiceTest.csproj", "{E1340F99-F38E-4729-B777-4A015CC26615}"
EndProject
Project("{2150E333-8FDC-42A3-9474-1A3956D46DE8}") = "Serialization", "Serialization", "{A6EC4248-82B7-4C8D-A182-06DC9726CF74}"
EndProject
Project("{FAE04EC0-301F-11D3-BF4B-00C04F79EFBC}") = "SerializationTest", "Serialization\SerializationTest\SerializationTest.csproj", "{3D8C0095-5E67-4793-8222-64C56D863E2A}"
EndProject
Global
	GlobalSection(SolutionConfigurationPlatforms) = preSolution
		Debug|Any CPU = Debug|Any CPU
		Debug|x86 = Debug|x86
		Release|Any CPU = Release|Any CPU
		Release|x86 = Release|x86
	EndGlobalSection
	GlobalSection(ProjectConfigurationPlatforms) = postSolution
		{EFE58328-D68A-4FDC-B684-7A359D09BE32}.Debug|Any CPU.ActiveCfg = Debug|Any CPU
		{EFE58328-D68A-4FDC-B684-7A359D09BE32}.Debug|Any CPU.Build.0 = Debug|Any CPU
		{EFE58328-D68A-4FDC-B684-7A359D09BE32}.Debug|x86.ActiveCfg = Debug|Any CPU
		{EFE58328-D68A-4FDC-B684-7A359D09BE32}.Debug|x86.Build.0 = Debug|Any CPU
		{EFE58328-D68A-4FDC-B684-7A359D09BE32}.Release|Any CPU.ActiveCfg = Release|Any CPU
		{EFE58328-D68A-4FDC-B684-7A359D09BE32}.Release|Any CPU.Build.0 = Release|Any CPU
		{EFE58328-D68A-4FDC-B684-7A359D09BE32}.Release|x86.ActiveCfg = Release|Any CPU
		{EFE58328-D68A-4FDC-B684-7A359D09BE32}.Release|x86.Build.0 = Release|Any CPU
		{9DE7D3EE-6BD6-4EA1-AF76-C59F317F822A}.Debug|Any CPU.ActiveCfg = Debug|Any CPU
		{9DE7D3EE-6BD6-4EA1-AF76-C59F317F822A}.Debug|Any CPU.Build.0 = Debug|Any CPU
		{9DE7D3EE-6BD6-4EA1-AF76-C59F317F822A}.Debug|x86.ActiveCfg = Debug|Any CPU
		{9DE7D3EE-6BD6-4EA1-AF76-C59F317F822A}.Debug|x86.Build.0 = Debug|Any CPU
		{9DE7D3EE-6BD6-4EA1-AF76-C59F317F822A}.Release|Any CPU.ActiveCfg = Release|Any CPU
		{9DE7D3EE-6BD6-4EA1-AF76-C59F317F822A}.Release|Any CPU.Build.0 = Release|Any CPU
		{9DE7D3EE-6BD6-4EA1-AF76-C59F317F822A}.Release|x86.ActiveCfg = Release|Any CPU
		{9DE7D3EE-6BD6-4EA1-AF76-C59F317F822A}.Release|x86.Build.0 = Release|Any CPU
		{B15FA9D2-1D1E-4194-8447-54F105D2E425}.Debug|Any CPU.ActiveCfg = Debug|Any CPU
		{B15FA9D2-1D1E-4194-8447-54F105D2E425}.Debug|Any CPU.Build.0 = Debug|Any CPU
		{B15FA9D2-1D1E-4194-8447-54F105D2E425}.Debug|x86.ActiveCfg = Debug|Any CPU
		{B15FA9D2-1D1E-4194-8447-54F105D2E425}.Debug|x86.Build.0 = Debug|Any CPU
		{B15FA9D2-1D1E-4194-8447-54F105D2E425}.Release|Any CPU.ActiveCfg = Release|Any CPU
		{B15FA9D2-1D1E-4194-8447-54F105D2E425}.Release|Any CPU.Build.0 = Release|Any CPU
		{B15FA9D2-1D1E-4194-8447-54F105D2E425}.Release|x86.ActiveCfg = Release|Any CPU
		{B15FA9D2-1D1E-4194-8447-54F105D2E425}.Release|x86.Build.0 = Release|Any CPU
		{A2D57B01-D817-48A7-9DCC-34A5602E53B9}.Debug|Any CPU.ActiveCfg = Debug|Any CPU
		{A2D57B01-D817-48A7-9DCC-34A5602E53B9}.Debug|Any CPU.Build.0 = Debug|Any CPU
		{A2D57B01-D817-48A7-9DCC-34A5602E53B9}.Debug|x86.ActiveCfg = Debug|Any CPU
		{A2D57B01-D817-48A7-9DCC-34A5602E53B9}.Debug|x86.Build.0 = Debug|Any CPU
		{A2D57B01-D817-48A7-9DCC-34A5602E53B9}.Release|Any CPU.ActiveCfg = Release|Any CPU
		{A2D57B01-D817-48A7-9DCC-34A5602E53B9}.Release|Any CPU.Build.0 = Release|Any CPU
		{A2D57B01-D817-48A7-9DCC-34A5602E53B9}.Release|x86.ActiveCfg = Release|Any CPU
		{A2D57B01-D817-48A7-9DCC-34A5602E53B9}.Release|x86.Build.0 = Release|Any CPU
		{21E1041F-D02F-4CF9-8625-C9E3783412D3}.Debug|Any CPU.ActiveCfg = Debug|Any CPU
		{21E1041F-D02F-4CF9-8625-C9E3783412D3}.Debug|Any CPU.Build.0 = Debug|Any CPU
		{21E1041F-D02F-4CF9-8625-C9E3783412D3}.Debug|x86.ActiveCfg = Debug|Any CPU
		{21E1041F-D02F-4CF9-8625-C9E3783412D3}.Debug|x86.Build.0 = Debug|Any CPU
		{21E1041F-D02F-4CF9-8625-C9E3783412D3}.Release|Any CPU.ActiveCfg = Release|Any CPU
		{21E1041F-D02F-4CF9-8625-C9E3783412D3}.Release|Any CPU.Build.0 = Release|Any CPU
		{21E1041F-D02F-4CF9-8625-C9E3783412D3}.Release|x86.ActiveCfg = Release|Any CPU
		{21E1041F-D02F-4CF9-8625-C9E3783412D3}.Release|x86.Build.0 = Release|Any CPU
		{534B0BD6-5153-41F6-ACEE-C4160B3942C9}.Debug|Any CPU.ActiveCfg = Debug|Any CPU
		{534B0BD6-5153-41F6-ACEE-C4160B3942C9}.Debug|Any CPU.Build.0 = Debug|Any CPU
		{534B0BD6-5153-41F6-ACEE-C4160B3942C9}.Debug|x86.ActiveCfg = Debug|Any CPU
		{534B0BD6-5153-41F6-ACEE-C4160B3942C9}.Debug|x86.Build.0 = Debug|Any CPU
		{534B0BD6-5153-41F6-ACEE-C4160B3942C9}.Release|Any CPU.ActiveCfg = Release|Any CPU
		{534B0BD6-5153-41F6-ACEE-C4160B3942C9}.Release|Any CPU.Build.0 = Release|Any CPU
		{534B0BD6-5153-41F6-ACEE-C4160B3942C9}.Release|x86.ActiveCfg = Release|Any CPU
		{534B0BD6-5153-41F6-ACEE-C4160B3942C9}.Release|x86.Build.0 = Release|Any CPU
		{B33A2065-415F-4501-9CE8-F25F8EE758D9}.Debug|Any CPU.ActiveCfg = Debug|Any CPU
		{B33A2065-415F-4501-9CE8-F25F8EE758D9}.Debug|Any CPU.Build.0 = Debug|Any CPU
		{B33A2065-415F-4501-9CE8-F25F8EE758D9}.Debug|x86.ActiveCfg = Debug|Any CPU
		{B33A2065-415F-4501-9CE8-F25F8EE758D9}.Debug|x86.Build.0 = Debug|Any CPU
		{B33A2065-415F-4501-9CE8-F25F8EE758D9}.Release|Any CPU.ActiveCfg = Release|Any CPU
		{B33A2065-415F-4501-9CE8-F25F8EE758D9}.Release|Any CPU.Build.0 = Release|Any CPU
		{B33A2065-415F-4501-9CE8-F25F8EE758D9}.Release|x86.ActiveCfg = Release|Any CPU
		{B33A2065-415F-4501-9CE8-F25F8EE758D9}.Release|x86.Build.0 = Release|Any CPU
		{03581139-A154-4DAE-9BFC-8DC4C81298D0}.Debug|Any CPU.ActiveCfg = Debug|x86
		{03581139-A154-4DAE-9BFC-8DC4C81298D0}.Debug|x86.ActiveCfg = Debug|x86
		{03581139-A154-4DAE-9BFC-8DC4C81298D0}.Debug|x86.Build.0 = Debug|x86
		{03581139-A154-4DAE-9BFC-8DC4C81298D0}.Release|Any CPU.ActiveCfg = Release|x86
		{03581139-A154-4DAE-9BFC-8DC4C81298D0}.Release|x86.ActiveCfg = Release|x86
		{03581139-A154-4DAE-9BFC-8DC4C81298D0}.Release|x86.Build.0 = Release|x86
		{E1340F99-F38E-4729-B777-4A015CC26615}.Debug|Any CPU.ActiveCfg = Debug|x86
		{E1340F99-F38E-4729-B777-4A015CC26615}.Debug|x86.ActiveCfg = Debug|x86
		{E1340F99-F38E-4729-B777-4A015CC26615}.Debug|x86.Build.0 = Debug|x86
		{E1340F99-F38E-4729-B777-4A015CC26615}.Release|Any CPU.ActiveCfg = Release|x86
		{E1340F99-F38E-4729-B777-4A015CC26615}.Release|x86.ActiveCfg = Release|x86
		{E1340F99-F38E-4729-B777-4A015CC26615}.Release|x86.Build.0 = Release|x86
		{3D8C0095-5E67-4793-8222-64C56D863E2A}.Debug|Any CPU.ActiveCfg = Debug|Any CPU
		{3D8C0095-5E67-4793-8222-64C56D863E2A}.Debug|Any CPU.Build.0 = Debug|Any CPU
		{3D8C0095-5E67-4793-8222-64C56D863E2A}.Debug|x86.ActiveCfg = Debug|Any CPU
		{3D8C0095-5E67-4793-8222-64C56D863E2A}.Debug|x86.Build.0 = Debug|Any CPU
		{3D8C0095-5E67-4793-8222-64C56D863E2A}.Release|Any CPU.ActiveCfg = Release|Any CPU
		{3D8C0095-5E67-4793-8222-64C56D863E2A}.Release|Any CPU.Build.0 = Release|Any CPU
		{3D8C0095-5E67-4793-8222-64C56D863E2A}.Release|x86.ActiveCfg = Release|Any CPU
		{3D8C0095-5E67-4793-8222-64C56D863E2A}.Release|x86.Build.0 = Release|Any CPU
	EndGlobalSection
	GlobalSection(SolutionProperties) = preSolution
		HideSolutionNode = FALSE
	EndGlobalSection
	GlobalSection(NestedProjects) = preSolution
		{B15FA9D2-1D1E-4194-8447-54F105D2E425} = {384A0709-A9CB-4105-9A7C-3105C6863008}
		{A2D57B01-D817-48A7-9DCC-34A5602E53B9} = {39B16EAC-92E8-4F00-BF1D-91FDE8DA2B21}
		{21E1041F-D02F-4CF9-8625-C9E3783412D3} = {59FE7159-0A13-4FE8-B42A-41E5587A0E14}
		{534B0BD6-5153-41F6-ACEE-C4160B3942C9} = {59FE7159-0A13-4FE8-B42A-41E5587A0E14}
		{B33A2065-415F-4501-9CE8-F25F8EE758D9} = {59FE7159-0A13-4FE8-B42A-41E5587A0E14}
		{03581139-A154-4DAE-9BFC-8DC4C81298D0} = {FAACCA18-C44F-40AF-A57B-7A1BA3DA1D3D}
		{E1340F99-F38E-4729-B777-4A015CC26615} = {FAACCA18-C44F-40AF-A57B-7A1BA3DA1D3D}
		{3D8C0095-5E67-4793-8222-64C56D863E2A} = {A6EC4248-82B7-4C8D-A182-06DC9726CF74}
	EndGlobalSection
EndGlobal
